// !$*UTF8*$!
{
	archiveVersion = 1;
	classes = {
	};
	objectVersion = 56;
	objects = {

/* Begin PBXBuildFile section */
		405C03492B0AF1C600360433 /* App.swift in Sources */ = {isa = PBXBuildFile; fileRef = 405C03482B0AF1C600360433 /* App.swift */; };
		405C034B2B0AF1C600360433 /* ContentView.swift in Sources */ = {isa = PBXBuildFile; fileRef = 405C034A2B0AF1C600360433 /* ContentView.swift */; };
		405C034D2B0AF1C700360433 /* Assets.xcassets in Resources */ = {isa = PBXBuildFile; fileRef = 405C034C2B0AF1C700360433 /* Assets.xcassets */; };
		467D59AF2BB26FB900826D4B /* Media in Frameworks */ = {isa = PBXBuildFile; productRef = 467D59AE2BB26FB900826D4B /* Media */; };
		46C0E45B2B111C5A008001A4 /* NarrationTask.swift in Sources */ = {isa = PBXBuildFile; fileRef = 46C0E45A2B111C5A008001A4 /* NarrationTask.swift */; };
		FA39E9D42C1AD36100EBAEBF /* TTSManager.swift in Sources */ = {isa = PBXBuildFile; fileRef = FA39E9D32C1AD36100EBAEBF /* TTSManager.swift */; };
		FA39E9D62C1AD47300EBAEBF /* LLMManager.swift in Sources */ = {isa = PBXBuildFile; fileRef = FA39E9D52C1AD47300EBAEBF /* LLMManager.swift */; };
		FA39E9D92C1AD98A00EBAEBF /* AI in Frameworks */ = {isa = PBXBuildFile; productRef = FA39E9D82C1AD98A00EBAEBF /* AI */; };
/* End PBXBuildFile section */

/* Begin PBXFileReference section */
		405C03452B0AF1C600360433 /* NarratorBot.app */ = {isa = PBXFileReference; explicitFileType = wrapper.application; includeInIndex = 0; path = NarratorBot.app; sourceTree = BUILT_PRODUCTS_DIR; };
		405C03482B0AF1C600360433 /* App.swift */ = {isa = PBXFileReference; lastKnownFileType = sourcecode.swift; path = App.swift; sourceTree = "<group>"; };
		405C034A2B0AF1C600360433 /* ContentView.swift */ = {isa = PBXFileReference; lastKnownFileType = sourcecode.swift; path = ContentView.swift; sourceTree = "<group>"; };
		405C034C2B0AF1C700360433 /* Assets.xcassets */ = {isa = PBXFileReference; lastKnownFileType = folder.assetcatalog; path = Assets.xcassets; sourceTree = "<group>"; };
		405C03512B0AF1C700360433 /* NarratorBot.entitlements */ = {isa = PBXFileReference; lastKnownFileType = text.plist.entitlements; path = NarratorBot.entitlements; sourceTree = "<group>"; };
		46C0E45A2B111C5A008001A4 /* NarrationTask.swift */ = {isa = PBXFileReference; lastKnownFileType = sourcecode.swift; path = NarrationTask.swift; sourceTree = "<group>"; };
		FA39E9D32C1AD36100EBAEBF /* TTSManager.swift */ = {isa = PBXFileReference; lastKnownFileType = sourcecode.swift; path = TTSManager.swift; sourceTree = "<group>"; };
		FA39E9D52C1AD47300EBAEBF /* LLMManager.swift */ = {isa = PBXFileReference; lastKnownFileType = sourcecode.swift; path = LLMManager.swift; sourceTree = "<group>"; };
		FAC703DF2C1AE1E20027F488 /* Info.plist */ = {isa = PBXFileReference; lastKnownFileType = text.plist; path = Info.plist; sourceTree = "<group>"; };
/* End PBXFileReference section */

/* Begin PBXFrameworksBuildPhase section */
		405C03422B0AF1C600360433 /* Frameworks */ = {
			isa = PBXFrameworksBuildPhase;
			buildActionMask = 2147483647;
			files = (
				467D59AF2BB26FB900826D4B /* Media in Frameworks */,
				FA39E9D92C1AD98A00EBAEBF /* AI in Frameworks */,
			);
			runOnlyForDeploymentPostprocessing = 0;
		};
/* End PBXFrameworksBuildPhase section */

/* Begin PBXGroup section */
		405C033C2B0AF1C600360433 = {
			isa = PBXGroup;
			children = (
				405C03472B0AF1C600360433 /* NarratorBot */,
				405C03462B0AF1C600360433 /* Products */,
			);
			sourceTree = "<group>";
		};
		405C03462B0AF1C600360433 /* Products */ = {
			isa = PBXGroup;
			children = (
				405C03452B0AF1C600360433 /* NarratorBot.app */,
			);
			name = Products;
			sourceTree = "<group>";
		};
		405C03472B0AF1C600360433 /* NarratorBot */ = {
			isa = PBXGroup;
			children = (
				FAC703DF2C1AE1E20027F488 /* Info.plist */,
				405C03482B0AF1C600360433 /* App.swift */,
				405C034A2B0AF1C600360433 /* ContentView.swift */,
				46C0E45A2B111C5A008001A4 /* NarrationTask.swift */,
				FA39E9D52C1AD47300EBAEBF /* LLMManager.swift */,
				FA39E9D32C1AD36100EBAEBF /* TTSManager.swift */,
				405C034C2B0AF1C700360433 /* Assets.xcassets */,
				405C03512B0AF1C700360433 /* NarratorBot.entitlements */,
			);
			path = NarratorBot;
			sourceTree = "<group>";
		};
/* End PBXGroup section */

/* Begin PBXNativeTarget section */
		405C03442B0AF1C600360433 /* NarratorBot */ = {
			isa = PBXNativeTarget;
			buildConfigurationList = 405C03542B0AF1C700360433 /* Build configuration list for PBXNativeTarget "NarratorBot" */;
			buildPhases = (
				405C03412B0AF1C600360433 /* Sources */,
				405C03422B0AF1C600360433 /* Frameworks */,
				405C03432B0AF1C600360433 /* Resources */,
			);
			buildRules = (
			);
			dependencies = (
			);
			name = NarratorBot;
			packageProductDependencies = (
				467D59AE2BB26FB900826D4B /* Media */,
				FA39E9D82C1AD98A00EBAEBF /* AI */,
			);
			productName = ElevenAPIShit;
			productReference = 405C03452B0AF1C600360433 /* NarratorBot.app */;
			productType = "com.apple.product-type.application";
		};
/* End PBXNativeTarget section */

/* Begin PBXProject section */
		405C033D2B0AF1C600360433 /* Project object */ = {
			isa = PBXProject;
			attributes = {
				BuildIndependentTargetsInParallel = 1;
				LastSwiftUpdateCheck = 1510;
				LastUpgradeCheck = 1520;
				TargetAttributes = {
					405C03442B0AF1C600360433 = {
						CreatedOnToolsVersion = 15.1;
					};
				};
			};
			buildConfigurationList = 405C03402B0AF1C600360433 /* Build configuration list for PBXProject "NarratorBot" */;
			compatibilityVersion = "Xcode 14.0";
			developmentRegion = en;
			hasScannedForEncodings = 0;
			knownRegions = (
				en,
				Base,
			);
			mainGroup = 405C033C2B0AF1C600360433;
			packageReferences = (
				467D59AD2BB26FB900826D4B /* XCRemoteSwiftPackageReference "Media" */,
				FA39E9D72C1AD98A00EBAEBF /* XCRemoteSwiftPackageReference "AI" */,
			);
			productRefGroup = 405C03462B0AF1C600360433 /* Products */;
			projectDirPath = "";
			projectRoot = "";
			targets = (
				405C03442B0AF1C600360433 /* NarratorBot */,
			);
		};
/* End PBXProject section */

/* Begin PBXResourcesBuildPhase section */
		405C03432B0AF1C600360433 /* Resources */ = {
			isa = PBXResourcesBuildPhase;
			buildActionMask = 2147483647;
			files = (
				405C034D2B0AF1C700360433 /* Assets.xcassets in Resources */,
			);
			runOnlyForDeploymentPostprocessing = 0;
		};
/* End PBXResourcesBuildPhase section */

/* Begin PBXSourcesBuildPhase section */
		405C03412B0AF1C600360433 /* Sources */ = {
			isa = PBXSourcesBuildPhase;
			buildActionMask = 2147483647;
			files = (
				46C0E45B2B111C5A008001A4 /* NarrationTask.swift in Sources */,
				FA39E9D42C1AD36100EBAEBF /* TTSManager.swift in Sources */,
				FA39E9D62C1AD47300EBAEBF /* LLMManager.swift in Sources */,
				405C034B2B0AF1C600360433 /* ContentView.swift in Sources */,
				405C03492B0AF1C600360433 /* App.swift in Sources */,
			);
			runOnlyForDeploymentPostprocessing = 0;
		};
/* End PBXSourcesBuildPhase section */

/* Begin XCBuildConfiguration section */
		405C03522B0AF1C700360433 /* Debug */ = {
			isa = XCBuildConfiguration;
			buildSettings = {
				ALWAYS_SEARCH_USER_PATHS = NO;
				ASSETCATALOG_COMPILER_GENERATE_SWIFT_ASSET_SYMBOL_EXTENSIONS = YES;
				CLANG_ANALYZER_NONNULL = YES;
				CLANG_ANALYZER_NUMBER_OBJECT_CONVERSION = YES_AGGRESSIVE;
				CLANG_CXX_LANGUAGE_STANDARD = "gnu++20";
				CLANG_ENABLE_MODULES = YES;
				CLANG_ENABLE_OBJC_ARC = YES;
				CLANG_ENABLE_OBJC_WEAK = YES;
				CLANG_WARN_BLOCK_CAPTURE_AUTORELEASING = YES;
				CLANG_WARN_BOOL_CONVERSION = YES;
				CLANG_WARN_COMMA = YES;
				CLANG_WARN_CONSTANT_CONVERSION = YES;
				CLANG_WARN_DEPRECATED_OBJC_IMPLEMENTATIONS = YES;
				CLANG_WARN_DIRECT_OBJC_ISA_USAGE = YES_ERROR;
				CLANG_WARN_DOCUMENTATION_COMMENTS = YES;
				CLANG_WARN_EMPTY_BODY = YES;
				CLANG_WARN_ENUM_CONVERSION = YES;
				CLANG_WARN_INFINITE_RECURSION = YES;
				CLANG_WARN_INT_CONVERSION = YES;
				CLANG_WARN_NON_LITERAL_NULL_CONVERSION = YES;
				CLANG_WARN_OBJC_IMPLICIT_RETAIN_SELF = YES;
				CLANG_WARN_OBJC_LITERAL_CONVERSION = YES;
				CLANG_WARN_OBJC_ROOT_CLASS = YES_ERROR;
				CLANG_WARN_QUOTED_INCLUDE_IN_FRAMEWORK_HEADER = YES;
				CLANG_WARN_RANGE_LOOP_ANALYSIS = YES;
				CLANG_WARN_STRICT_PROTOTYPES = YES;
				CLANG_WARN_SUSPICIOUS_MOVE = YES;
				CLANG_WARN_UNGUARDED_AVAILABILITY = YES_AGGRESSIVE;
				CLANG_WARN_UNREACHABLE_CODE = YES;
				CLANG_WARN__DUPLICATE_METHOD_MATCH = YES;
				COPY_PHASE_STRIP = NO;
				DEAD_CODE_STRIPPING = YES;
				DEBUG_INFORMATION_FORMAT = dwarf;
				ENABLE_STRICT_OBJC_MSGSEND = YES;
				ENABLE_TESTABILITY = YES;
				ENABLE_USER_SCRIPT_SANDBOXING = YES;
				GCC_C_LANGUAGE_STANDARD = gnu17;
				GCC_DYNAMIC_NO_PIC = NO;
				GCC_NO_COMMON_BLOCKS = YES;
				GCC_OPTIMIZATION_LEVEL = 0;
				GCC_PREPROCESSOR_DEFINITIONS = (
					"DEBUG=1",
					"$(inherited)",
				);
				GCC_WARN_64_TO_32_BIT_CONVERSION = YES;
				GCC_WARN_ABOUT_RETURN_TYPE = YES_ERROR;
				GCC_WARN_UNDECLARED_SELECTOR = YES;
				GCC_WARN_UNINITIALIZED_AUTOS = YES_AGGRESSIVE;
				GCC_WARN_UNUSED_FUNCTION = YES;
				GCC_WARN_UNUSED_VARIABLE = YES;
				IPHONEOS_DEPLOYMENT_TARGET = 17.0;
				LOCALIZATION_PREFERS_STRING_CATALOGS = YES;
				MACOSX_DEPLOYMENT_TARGET = 13.0;
				MTL_ENABLE_DEBUG_INFO = INCLUDE_SOURCE;
				MTL_FAST_MATH = YES;
				ONLY_ACTIVE_ARCH = YES;
				SDKROOT = macosx;
				SWIFT_ACTIVE_COMPILATION_CONDITIONS = "DEBUG $(inherited)";
				SWIFT_OPTIMIZATION_LEVEL = "-Onone";
			};
			name = Debug;
		};
		405C03532B0AF1C700360433 /* Release */ = {
			isa = XCBuildConfiguration;
			buildSettings = {
				ALWAYS_SEARCH_USER_PATHS = NO;
				ASSETCATALOG_COMPILER_GENERATE_SWIFT_ASSET_SYMBOL_EXTENSIONS = YES;
				CLANG_ANALYZER_NONNULL = YES;
				CLANG_ANALYZER_NUMBER_OBJECT_CONVERSION = YES_AGGRESSIVE;
				CLANG_CXX_LANGUAGE_STANDARD = "gnu++20";
				CLANG_ENABLE_MODULES = YES;
				CLANG_ENABLE_OBJC_ARC = YES;
				CLANG_ENABLE_OBJC_WEAK = YES;
				CLANG_WARN_BLOCK_CAPTURE_AUTORELEASING = YES;
				CLANG_WARN_BOOL_CONVERSION = YES;
				CLANG_WARN_COMMA = YES;
				CLANG_WARN_CONSTANT_CONVERSION = YES;
				CLANG_WARN_DEPRECATED_OBJC_IMPLEMENTATIONS = YES;
				CLANG_WARN_DIRECT_OBJC_ISA_USAGE = YES_ERROR;
				CLANG_WARN_DOCUMENTATION_COMMENTS = YES;
				CLANG_WARN_EMPTY_BODY = YES;
				CLANG_WARN_ENUM_CONVERSION = YES;
				CLANG_WARN_INFINITE_RECURSION = YES;
				CLANG_WARN_INT_CONVERSION = YES;
				CLANG_WARN_NON_LITERAL_NULL_CONVERSION = YES;
				CLANG_WARN_OBJC_IMPLICIT_RETAIN_SELF = YES;
				CLANG_WARN_OBJC_LITERAL_CONVERSION = YES;
				CLANG_WARN_OBJC_ROOT_CLASS = YES_ERROR;
				CLANG_WARN_QUOTED_INCLUDE_IN_FRAMEWORK_HEADER = YES;
				CLANG_WARN_RANGE_LOOP_ANALYSIS = YES;
				CLANG_WARN_STRICT_PROTOTYPES = YES;
				CLANG_WARN_SUSPICIOUS_MOVE = YES;
				CLANG_WARN_UNGUARDED_AVAILABILITY = YES_AGGRESSIVE;
				CLANG_WARN_UNREACHABLE_CODE = YES;
				CLANG_WARN__DUPLICATE_METHOD_MATCH = YES;
				COPY_PHASE_STRIP = NO;
				DEAD_CODE_STRIPPING = YES;
				DEBUG_INFORMATION_FORMAT = "dwarf-with-dsym";
				ENABLE_NS_ASSERTIONS = NO;
				ENABLE_STRICT_OBJC_MSGSEND = YES;
				ENABLE_USER_SCRIPT_SANDBOXING = YES;
				GCC_C_LANGUAGE_STANDARD = gnu17;
				GCC_NO_COMMON_BLOCKS = YES;
				GCC_WARN_64_TO_32_BIT_CONVERSION = YES;
				GCC_WARN_ABOUT_RETURN_TYPE = YES_ERROR;
				GCC_WARN_UNDECLARED_SELECTOR = YES;
				GCC_WARN_UNINITIALIZED_AUTOS = YES_AGGRESSIVE;
				GCC_WARN_UNUSED_FUNCTION = YES;
				GCC_WARN_UNUSED_VARIABLE = YES;
				IPHONEOS_DEPLOYMENT_TARGET = 17.0;
				LOCALIZATION_PREFERS_STRING_CATALOGS = YES;
				MACOSX_DEPLOYMENT_TARGET = 13.0;
				MTL_ENABLE_DEBUG_INFO = NO;
				MTL_FAST_MATH = YES;
				SDKROOT = macosx;
				SWIFT_COMPILATION_MODE = wholemodule;
			};
			name = Release;
		};
		405C03552B0AF1C700360433 /* Debug */ = {
			isa = XCBuildConfiguration;
			buildSettings = {
				ASSETCATALOG_COMPILER_APPICON_NAME = AppIcon;
				ASSETCATALOG_COMPILER_GLOBAL_ACCENT_COLOR_NAME = AccentColor;
				CODE_SIGN_ENTITLEMENTS = NarratorBot/NarratorBot.entitlements;
				"CODE_SIGN_IDENTITY[sdk=macosx*]" = "-";
				CODE_SIGN_STYLE = Automatic;
				COMBINE_HIDPI_IMAGES = YES;
				CURRENT_PROJECT_VERSION = 1;
				DEAD_CODE_STRIPPING = YES;
				DEVELOPMENT_TEAM = W6GNU64U6Q;
				ENABLE_HARDENED_RUNTIME = NO;
				ENABLE_PREVIEWS = YES;
				GENERATE_INFOPLIST_FILE = YES;
				INFOPLIST_FILE = NarratorBot/Info.plist;
				INFOPLIST_KEY_NSCameraUsageDescription = "This app requires camera access to function. ";
				INFOPLIST_KEY_NSHumanReadableCopyright = "";
				LD_RUNPATH_SEARCH_PATHS = (
					"$(inherited)",
					"@executable_path/../Frameworks",
				);
				MACOSX_DEPLOYMENT_TARGET = 14.0;
				MARKETING_VERSION = 1.0;
				PRODUCT_BUNDLE_IDENTIFIER = ai.preternatural.NarratorBot;
				PRODUCT_NAME = "$(TARGET_NAME)";
				SUPPORTED_PLATFORMS = macosx;
				SUPPORTS_MACCATALYST = NO;
				SUPPORTS_MAC_DESIGNED_FOR_IPHONE_IPAD = NO;
				SWIFT_EMIT_LOC_STRINGS = YES;
				SWIFT_VERSION = 5.0;
			};
			name = Debug;
		};
		405C03562B0AF1C700360433 /* Release */ = {
			isa = XCBuildConfiguration;
			buildSettings = {
				ASSETCATALOG_COMPILER_APPICON_NAME = AppIcon;
				ASSETCATALOG_COMPILER_GLOBAL_ACCENT_COLOR_NAME = AccentColor;
				CODE_SIGN_ENTITLEMENTS = NarratorBot/NarratorBot.entitlements;
				"CODE_SIGN_IDENTITY[sdk=macosx*]" = "-";
				CODE_SIGN_STYLE = Automatic;
				COMBINE_HIDPI_IMAGES = YES;
				CURRENT_PROJECT_VERSION = 1;
				DEAD_CODE_STRIPPING = YES;
				DEVELOPMENT_TEAM = W6GNU64U6Q;
				ENABLE_HARDENED_RUNTIME = NO;
				ENABLE_PREVIEWS = YES;
				GENERATE_INFOPLIST_FILE = YES;
				INFOPLIST_FILE = NarratorBot/Info.plist;
				INFOPLIST_KEY_NSCameraUsageDescription = "This app requires camera access to function. ";
				INFOPLIST_KEY_NSHumanReadableCopyright = "";
				LD_RUNPATH_SEARCH_PATHS = (
					"$(inherited)",
					"@executable_path/../Frameworks",
				);
				MACOSX_DEPLOYMENT_TARGET = 14.0;
				MARKETING_VERSION = 1.0;
				PRODUCT_BUNDLE_IDENTIFIER = ai.preternatural.NarratorBot;
				PRODUCT_NAME = "$(TARGET_NAME)";
				SUPPORTED_PLATFORMS = macosx;
				SUPPORTS_MACCATALYST = NO;
				SUPPORTS_MAC_DESIGNED_FOR_IPHONE_IPAD = NO;
				SWIFT_EMIT_LOC_STRINGS = YES;
				SWIFT_VERSION = 5.0;
			};
			name = Release;
		};
/* End XCBuildConfiguration section */

/* Begin XCConfigurationList section */
		405C03402B0AF1C600360433 /* Build configuration list for PBXProject "NarratorBot" */ = {
			isa = XCConfigurationList;
			buildConfigurations = (
				405C03522B0AF1C700360433 /* Debug */,
				405C03532B0AF1C700360433 /* Release */,
			);
			defaultConfigurationIsVisible = 0;
			defaultConfigurationName = Release;
		};
		405C03542B0AF1C700360433 /* Build configuration list for PBXNativeTarget "NarratorBot" */ = {
			isa = XCConfigurationList;
			buildConfigurations = (
				405C03552B0AF1C700360433 /* Debug */,
				405C03562B0AF1C700360433 /* Release */,
			);
			defaultConfigurationIsVisible = 0;
			defaultConfigurationName = Release;
		};
/* End XCConfigurationList section */

/* Begin XCRemoteSwiftPackageReference section */
		467D59AD2BB26FB900826D4B /* XCRemoteSwiftPackageReference "Media" */ = {
			isa = XCRemoteSwiftPackageReference;
			repositoryURL = "https://github.com/vmanot/Media.git";
			requirement = {
				branch = main;
				kind = branch;
			};
		};
		FA39E9D72C1AD98A00EBAEBF /* XCRemoteSwiftPackageReference "AI" */ = {
			isa = XCRemoteSwiftPackageReference;
			repositoryURL = "https://github.com/PreternaturalAI/AI";
			requirement = {
				branch = main;
				kind = branch;
			};
		};
/* End XCRemoteSwiftPackageReference section */

/* Begin XCSwiftPackageProductDependency section */
		467D59AE2BB26FB900826D4B /* Media */ = {
			isa = XCSwiftPackageProductDependency;
			package = 467D59AD2BB26FB900826D4B /* XCRemoteSwiftPackageReference "Media" */;
			productName = Media;
		};
		FA39E9D82C1AD98A00EBAEBF /* AI */ = {
			isa = XCSwiftPackageProductDependency;
			package = FA39E9D72C1AD98A00EBAEBF /* XCRemoteSwiftPackageReference "AI" */;
			productName = AI;
		};
/* End XCSwiftPackageProductDependency section */
	};
	rootObject = 405C033D2B0AF1C600360433 /* Project object */;
}
